{
  "nodes": {
    "flakeNimbleLib": {
      "inputs": {
        "nixpkgs": [
          "nixpkgs"
        ]
      },
      "locked": {
        "lastModified": 1662018438,
        "narHash": "sha256-QtNtU6+LX3Wokxf0zlFwKTFOcn6TeDjKQZ+DA9OYtvM=",
        "owner": "riinr",
        "repo": "nim-flakes-lib",
        "rev": "b1fe8340736e3a85d25c709ac3dfd82a55c03cbf",
        "type": "github"
      },
      "original": {
        "owner": "riinr",
        "ref": "master",
        "repo": "nim-flakes-lib",
        "type": "github"
      }
    },
    "nixpkgs": {
      "locked": {
        "lastModified": 1667199707,
        "narHash": "sha256-I2Js3Y7gUyVSEXPULHlBoRek4Lh85vnevdS6mdvDNLI=",
        "owner": "NixOS",
        "repo": "nixpkgs",
        "rev": "ced197be72099edcfa68ebed8b87af7b04851f45",
        "type": "github"
      },
      "original": {
        "id": "nixpkgs",
        "type": "indirect"
      }
    },
    "root": {
      "inputs": {
        "flakeNimbleLib": "flakeNimbleLib",
        "nixpkgs": "nixpkgs",
        "src-awslambda-master": "src-awslambda-master"
      }
    },
    "src-awslambda-master": {
      "flake": false,
      "locked": {
        "lastModified": 1569275088,
        "narHash": "sha256-4om7aEPwa9ET2a08OptmxkncLh9+lqXSxPqxw5aYyDU=",
        "owner": "lambci",
        "repo": "awslambda.nim",
        "rev": "0fa0f62bec56eb7e09d8fd3e2a4c31798baba89f",
        "type": "github"
      },
      "original": {
        "owner": "lambci",
        "ref": "refs/heads/master",
        "repo": "awslambda.nim",
        "type": "github"
      }
    }
  },
  "root": "root",
  "version": 7
}
